# THIS IS AN AUTOGENERATED FILE. DO NOT EDIT THIS FILE DIRECTLY.
# yarn lockfile v1


"@headlessui/react@^1.7.18":
  version "1.7.18"
  resolved "https://registry.yarnpkg.com/@headlessui/react/-/react-1.7.18.tgz#30af4634d2215b2ca1aa29d07f33d02bea82d9d7"
  integrity sha512-4i5DOrzwN4qSgNsL4Si61VMkUcWbcSKueUV7sFhpHzQcSShdlHENE5+QBntMSRvHt8NyoFO2AGG8si9lq+w4zQ==
  dependencies:
    "@tanstack/react-virtual" "^3.0.0-beta.60"
    client-only "^0.0.1"

"@heroicons/react@^2.1.1":
  version "2.1.1"
  resolved "https://registry.yarnpkg.com/@heroicons/react/-/react-2.1.1.tgz#422deb80c4d6caf3371aec6f4bee8361a354dc13"
  integrity sha512-JyyN9Lo66kirbCMuMMRPtJxtKJoIsXKS569ebHGGRKbl8s4CtUfLnyKJxteA+vIKySocO4s1SkTkGS4xtG/yEA==

"@tanstack/react-virtual@^3.0.0-beta.60":
  version "3.2.0"
  resolved "https://registry.yarnpkg.com/@tanstack/react-virtual/-/react-virtual-3.2.0.tgz#fb70f9c6baee753a5a0f7618ac886205d5a02af9"
  integrity sha512-OEdMByf2hEfDa6XDbGlZN8qO6bTjlNKqjM3im9JG+u3mCL8jALy0T/67oDI001raUUPh1Bdmfn4ZvPOV5knpcg==
  dependencies:
    "@tanstack/virtual-core" "3.2.0"

"@tanstack/virtual-core@3.2.0":
  version "3.2.0"
  resolved "https://registry.yarnpkg.com/@tanstack/virtual-core/-/virtual-core-3.2.0.tgz#874d36135e4badce2719e7bdc556ce240cbaff14"
  integrity sha512-P5XgYoAw/vfW65byBbJQCw+cagdXDT/qH6wmABiLt4v4YBT2q2vqCOhihe+D1Nt325F/S/0Tkv6C5z0Lv+VBQQ==

client-only@^0.0.1:
  version "0.0.1"
  resolved "https://registry.yarnpkg.com/client-only/-/client-only-0.0.1.tgz#38bba5d403c41ab150bff64a95c85013cf73bca1"
  integrity sha512-IV3Ou0jSMzZrd3pZ48nLkT9DA7Ag1pnPzaiQhpW7c3RbcqqzvzzVu+L8gfqMp/8IM2MQtSiqaCxrrcfu8I8rMA==
